
Microsoft Visual Studio Solution File, Format Version 12.00
# Visual Studio Version 17
VisualStudioVersion = 17.0.32112.339
MinimumVisualStudioVersion = 10.0.40219.1
Project("{FAE04EC0-301F-11D3-BF4B-00C04F79EFBC}") = "TaskTracker", "TaskTracker\TaskTracker.csproj", "{EB9C11D6-C546-4042-B5F4-9E59E450FBCF}"
EndProject
Global
	GlobalSection(SolutionConfigurationPlatforms) = preSolution
		Debug|Any CPU = Debug|Any CPU
		Release|Any CPU = Release|Any CPU
	EndGlobalSection
	GlobalSection(ProjectConfigurationPlatforms) = postSolution
		{EB9C11D6-C546-4042-B5F4-9E59E450FBCF}.Debug|Any CPU.ActiveCfg = Debug|Any CPU
		{EB9C11D6-C546-4042-B5F4-9E59E450FBCF}.Debug|Any CPU.Build.0 = Debug|Any CPU
		{EB9C11D6-C546-4042-B5F4-9E59E450FBCF}.Release|Any CPU.ActiveCfg = Release|Any CPU
		{EB9C11D6-C546-4042-B5F4-9E59E450FBCF}.Release|Any CPU.Build.0 = Release|Any CPU
	EndGlobalSection
	GlobalSection(SolutionProperties) = preSolution
		HideSolutionNode = FALSE
	EndGlobalSection
	GlobalSection(ExtensibilityGlobals) = postSolution
		SolutionGuid = {8C0BE5B4-CBCB-428B-962F-0EF3FC3415DA}
	EndGlobalSection
EndGlobal
